
Microsoft Visual Studio Solution File, Format Version 12.00
# Visual Studio Version 16
VisualStudioVersion = 16.0.29102.190
MinimumVisualStudioVersion = 10.0.40219.1
Project("{FAE04EC0-301F-11D3-BF4B-00C04F79EFBC}") = "ProAspNetCoreMvcValidation", "ProAspNetCoreMvcValidation.csproj", "{9F674DB7-E895-4C1F-9AE6-778E93434337}"
EndProject
Global
	GlobalSection(SolutionConfigurationPlatforms) = preSolution
		Debug|Any CPU = Debug|Any CPU
		Release|Any CPU = Release|Any CPU
	EndGlobalSection
	GlobalSection(ProjectConfigurationPlatforms) = postSolution
		{9F674DB7-E895-4C1F-9AE6-778E93434337}.Debug|Any CPU.ActiveCfg = Debug|Any CPU
		{9F674DB7-E895-4C1F-9AE6-778E93434337}.Debug|Any CPU.Build.0 = Debug|Any CPU
		{9F674DB7-E895-4C1F-9AE6-778E93434337}.Release|Any CPU.ActiveCfg = Release|Any CPU
		{9F674DB7-E895-4C1F-9AE6-778E93434337}.Release|Any CPU.Build.0 = Release|Any CPU
	EndGlobalSection
	GlobalSection(SolutionProperties) = preSolution
		HideSolutionNode = FALSE
	EndGlobalSection
	GlobalSection(ExtensibilityGlobals) = postSolution
		SolutionGuid = {F43D659D-4D11-4842-A611-B171366254E9}
	EndGlobalSection
EndGlobal
